// !$*UTF8*$!
{
	archiveVersion = 1;
	classes = {
	};
	objectVersion = 46;
	objects = {

/* Begin PBXBuildFile section */
		294AD6481BF1C928006ECCAD /* libglfw3.a in Frameworks */ = {isa = PBXBuildFile; fileRef = 294AD6471BF1C928006ECCAD /* libglfw3.a */; };
		294AD64C1BF1C97B006ECCAD /* CoreGraphics.framework in Frameworks */ = {isa = PBXBuildFile; fileRef = 294AD64B1BF1C97B006ECCAD /* CoreGraphics.framework */; };
		294AD6561BF1C9F3006ECCAD /* IOKit.framework in Frameworks */ = {isa = PBXBuildFile; fileRef = 294AD6551BF1C9F3006ECCAD /* IOKit.framework */; };
		294AD65A1BF1CA09006ECCAD /* AppKit.framework in Frameworks */ = {isa = PBXBuildFile; fileRef = 294AD6591BF1CA09006ECCAD /* AppKit.framework */; };
		294AD65B1BF1CA1A006ECCAD /* CoreVideo.framework in Frameworks */ = {isa = PBXBuildFile; fileRef = 294AD64D1BF1C98D006ECCAD /* CoreVideo.framework */; };
		294AD6601BF1CD5E006ECCAD /* OpenGL.framework in Frameworks */ = {isa = PBXBuildFile; fileRef = 294AD65F1BF1CD5E006ECCAD /* OpenGL.framework */; };
		294AD6621BF1D44A006ECCAD /* main.cpp in Sources */ = {isa = PBXBuildFile; fileRef = 294AD6611BF1D44A006ECCAD /* main.cpp */; };
		29CBA3A81BF30BCE0036B776 /* OpenGL.framework in Frameworks */ = {isa = PBXBuildFile; fileRef = 294AD65F1BF1CD5E006ECCAD /* OpenGL.framework */; };
		29CBA3A91BF30BCE0036B776 /* CoreVideo.framework in Frameworks */ = {isa = PBXBuildFile; fileRef = 294AD64D1BF1C98D006ECCAD /* CoreVideo.framework */; };
		29CBA3AA1BF30BCE0036B776 /* AppKit.framework in Frameworks */ = {isa = PBXBuildFile; fileRef = 294AD6591BF1CA09006ECCAD /* AppKit.framework */; };
		29CBA3AB1BF30BCE0036B776 /* IOKit.framework in Frameworks */ = {isa = PBXBuildFile; fileRef = 294AD6551BF1C9F3006ECCAD /* IOKit.framework */; };
		29CBA3AC1BF30BCE0036B776 /* CoreGraphics.framework in Frameworks */ = {isa = PBXBuildFile; fileRef = 294AD64B1BF1C97B006ECCAD /* CoreGraphics.framework */; };
		29CBA3AD1BF30BCE0036B776 /* libglfw3.a in Frameworks */ = {isa = PBXBuildFile; fileRef = 294AD6471BF1C928006ECCAD /* libglfw3.a */; };
		29CBA3B71BF30C160036B776 /* main.cpp in Sources */ = {isa = PBXBuildFile; fileRef = 29CBA3B51BF30C0E0036B776 /* main.cpp */; };
		29CBA3BD1BF45FBC0036B776 /* OpenGL.framework in Frameworks */ = {isa = PBXBuildFile; fileRef = 294AD65F1BF1CD5E006ECCAD /* OpenGL.framework */; };
		29CBA3BE1BF45FBC0036B776 /* CoreVideo.framework in Frameworks */ = {isa = PBXBuildFile; fileRef = 294AD64D1BF1C98D006ECCAD /* CoreVideo.framework */; };
		29CBA3BF1BF45FBC0036B776 /* AppKit.framework in Frameworks */ = {isa = PBXBuildFile; fileRef = 294AD6591BF1CA09006ECCAD /* AppKit.framework */; };
		29CBA3C01BF45FBC0036B776 /* IOKit.framework in Frameworks */ = {isa = PBXBuildFile; fileRef = 294AD6551BF1C9F3006ECCAD /* IOKit.framework */; };
		29CBA3C11BF45FBC0036B776 /* CoreGraphics.framework in Frameworks */ = {isa = PBXBuildFile; fileRef = 294AD64B1BF1C97B006ECCAD /* CoreGraphics.framework */; };
		29CBA3C21BF45FBC0036B776 /* libglfw3.a in Frameworks */ = {isa = PBXBuildFile; fileRef = 294AD6471BF1C928006ECCAD /* libglfw3.a */; };
		29CBA3CC1BF45FFF0036B776 /* main.cpp in Sources */ = {isa = PBXBuildFile; fileRef = 29CBA3C91BF45FDE0036B776 /* main.cpp */; };
		29CBA3D01BF463470036B776 /* vertex.vsh in CopyFiles */ = {isa = PBXBuildFile; fileRef = 29CBA3CA1BF45FDE0036B776 /* vertex.vsh */; };
		29CBA3D11BF463480036B776 /* fragment.fsh in CopyFiles */ = {isa = PBXBuildFile; fileRef = 29CBA3CD1BF462710036B776 /* fragment.fsh */; };
		29CBA3D81BF5B32D0036B776 /* OpenGL.framework in Frameworks */ = {isa = PBXBuildFile; fileRef = 294AD65F1BF1CD5E006ECCAD /* OpenGL.framework */; };
		29CBA3D91BF5B32D0036B776 /* CoreVideo.framework in Frameworks */ = {isa = PBXBuildFile; fileRef = 294AD64D1BF1C98D006ECCAD /* CoreVideo.framework */; };
		29CBA3DA1BF5B32D0036B776 /* AppKit.framework in Frameworks */ = {isa = PBXBuildFile; fileRef = 294AD6591BF1CA09006ECCAD /* AppKit.framework */; };
		29CBA3DB1BF5B32D0036B776 /* IOKit.framework in Frameworks */ = {isa = PBXBuildFile; fileRef = 294AD6551BF1C9F3006ECCAD /* IOKit.framework */; };
		29CBA3DC1BF5B32D0036B776 /* CoreGraphics.framework in Frameworks */ = {isa = PBXBuildFile; fileRef = 294AD64B1BF1C97B006ECCAD /* CoreGraphics.framework */; };
		29CBA3DD1BF5B32D0036B776 /* libglfw3.a in Frameworks */ = {isa = PBXBuildFile; fileRef = 294AD6471BF1C928006ECCAD /* libglfw3.a */; };
		29CBA3EA1BF5B35C0036B776 /* main.cpp in Sources */ = {isa = PBXBuildFile; fileRef = 29CBA3E71BF5B34C0036B776 /* main.cpp */; };
		29CBA3EB1BF5B39A0036B776 /* fragment.fsh in CopyFiles */ = {isa = PBXBuildFile; fileRef = 29CBA3E61BF5B34C0036B776 /* fragment.fsh */; };
		29CBA3EC1BF5B39A0036B776 /* vertex.vsh in CopyFiles */ = {isa = PBXBuildFile; fileRef = 29CBA3E81BF5B34C0036B776 /* vertex.vsh */; };
		29CBA3F01BF5C3590036B776 /* libSOIL.a in Frameworks */ = {isa = PBXBuildFile; fileRef = 29CBA3ED1BF5C3450036B776 /* libSOIL.a */; };
		29CBA3F21BF5C3840036B776 /* container.jpg in CopyFiles */ = {isa = PBXBuildFile; fileRef = 29CBA3F11BF5C3800036B776 /* container.jpg */; };
		29CBA3F41BF5CAA80036B776 /* awesomeface.png in CopyFiles */ = {isa = PBXBuildFile; fileRef = 29CBA3F31BF5CA9C0036B776 /* awesomeface.png */; };
		29CBA3F91BF9A57F0036B776 /* OpenGL.framework in Frameworks */ = {isa = PBXBuildFile; fileRef = 294AD65F1BF1CD5E006ECCAD /* OpenGL.framework */; };
		29CBA3FA1BF9A57F0036B776 /* CoreVideo.framework in Frameworks */ = {isa = PBXBuildFile; fileRef = 294AD64D1BF1C98D006ECCAD /* CoreVideo.framework */; };
		29CBA3FB1BF9A57F0036B776 /* AppKit.framework in Frameworks */ = {isa = PBXBuildFile; fileRef = 294AD6591BF1CA09006ECCAD /* AppKit.framework */; };
		29CBA3FC1BF9A57F0036B776 /* IOKit.framework in Frameworks */ = {isa = PBXBuildFile; fileRef = 294AD6551BF1C9F3006ECCAD /* IOKit.framework */; };
		29CBA3FD1BF9A57F0036B776 /* CoreGraphics.framework in Frameworks */ = {isa = PBXBuildFile; fileRef = 294AD64B1BF1C97B006ECCAD /* CoreGraphics.framework */; };
		29CBA3FE1BF9A57F0036B776 /* libSOIL.a in Frameworks */ = {isa = PBXBuildFile; fileRef = 29CBA3ED1BF5C3450036B776 /* libSOIL.a */; };
		29CBA3FF1BF9A57F0036B776 /* libglfw3.a in Frameworks */ = {isa = PBXBuildFile; fileRef = 294AD6471BF1C928006ECCAD /* libglfw3.a */; };
		29CBA4011BF9A57F0036B776 /* awesomeface.png in CopyFiles */ = {isa = PBXBuildFile; fileRef = 29CBA3F31BF5CA9C0036B776 /* awesomeface.png */; };
		29CBA4021BF9A57F0036B776 /* container.jpg in CopyFiles */ = {isa = PBXBuildFile; fileRef = 29CBA3F11BF5C3800036B776 /* container.jpg */; };
		29CBA40E1BF9A59A0036B776 /* main.cpp in Sources */ = {isa = PBXBuildFile; fileRef = 29CBA40B1BF9A58D0036B776 /* main.cpp */; };
		29CBA40F1BF9A5A30036B776 /* fragment.fsh in CopyFiles */ = {isa = PBXBuildFile; fileRef = 29CBA40A1BF9A58D0036B776 /* fragment.fsh */; };
		29CBA4101BF9A5A30036B776 /* vertex.vsh in CopyFiles */ = {isa = PBXBuildFile; fileRef = 29CBA40C1BF9A58D0036B776 /* vertex.vsh */; };
		29CBA4151BFAF5480036B776 /* OpenGL.framework in Frameworks */ = {isa = PBXBuildFile; fileRef = 294AD65F1BF1CD5E006ECCAD /* OpenGL.framework */; };
		29CBA4161BFAF5480036B776 /* CoreVideo.framework in Frameworks */ = {isa = PBXBuildFile; fileRef = 294AD64D1BF1C98D006ECCAD /* CoreVideo.framework */; };
		29CBA4171BFAF5480036B776 /* AppKit.framework in Frameworks */ = {isa = PBXBuildFile; fileRef = 294AD6591BF1CA09006ECCAD /* AppKit.framework */; };
		29CBA4181BFAF5480036B776 /* IOKit.framework in Frameworks */ = {isa = PBXBuildFile; fileRef = 294AD6551BF1C9F3006ECCAD /* IOKit.framework */; };
		29CBA4191BFAF5480036B776 /* CoreGraphics.framework in Frameworks */ = {isa = PBXBuildFile; fileRef = 294AD64B1BF1C97B006ECCAD /* CoreGraphics.framework */; };
		29CBA41A1BFAF5480036B776 /* libSOIL.a in Frameworks */ = {isa = PBXBuildFile; fileRef = 29CBA3ED1BF5C3450036B776 /* libSOIL.a */; };
		29CBA41B1BFAF5480036B776 /* libglfw3.a in Frameworks */ = {isa = PBXBuildFile; fileRef = 294AD6471BF1C928006ECCAD /* libglfw3.a */; };
		29CBA41F1BFAF5480036B776 /* awesomeface.png in CopyFiles */ = {isa = PBXBuildFile; fileRef = 29CBA3F31BF5CA9C0036B776 /* awesomeface.png */; };
		29CBA4201BFAF5480036B776 /* container.jpg in CopyFiles */ = {isa = PBXBuildFile; fileRef = 29CBA3F11BF5C3800036B776 /* container.jpg */; };
		29CBA42A1BFAF55D0036B776 /* fragment.fsh in CopyFiles */ = {isa = PBXBuildFile; fileRef = 29CBA4261BFAF5550036B776 /* fragment.fsh */; };
		29CBA42B1BFAF55D0036B776 /* vertex.vsh in CopyFiles */ = {isa = PBXBuildFile; fileRef = 29CBA4281BFAF5550036B776 /* vertex.vsh */; };
		29CBA42C1BFAF5680036B776 /* main.cpp in Sources */ = {isa = PBXBuildFile; fileRef = 29CBA4271BFAF5550036B776 /* main.cpp */; };
		29CBA4341BFC5C200036B776 /* OpenGL.framework in Frameworks */ = {isa = PBXBuildFile; fileRef = 294AD65F1BF1CD5E006ECCAD /* OpenGL.framework */; };
		29CBA4351BFC5C200036B776 /* CoreVideo.framework in Frameworks */ = {isa = PBXBuildFile; fileRef = 294AD64D1BF1C98D006ECCAD /* CoreVideo.framework */; };
		29CBA4361BFC5C200036B776 /* AppKit.framework in Frameworks */ = {isa = PBXBuildFile; fileRef = 294AD6591BF1CA09006ECCAD /* AppKit.framework */; };
		29CBA4371BFC5C200036B776 /* IOKit.framework in Frameworks */ = {isa = PBXBuildFile; fileRef = 294AD6551BF1C9F3006ECCAD /* IOKit.framework */; };
		29CBA4381BFC5C200036B776 /* CoreGraphics.framework in Frameworks */ = {isa = PBXBuildFile; fileRef = 294AD64B1BF1C97B006ECCAD /* CoreGraphics.framework */; };
		29CBA4391BFC5C200036B776 /* libSOIL.a in Frameworks */ = {isa = PBXBuildFile; fileRef = 29CBA3ED1BF5C3450036B776 /* libSOIL.a */; };
		29CBA43A1BFC5C200036B776 /* libglfw3.a in Frameworks */ = {isa = PBXBuildFile; fileRef = 294AD6471BF1C928006ECCAD /* libglfw3.a */; };
		29CBA43E1BFC5C200036B776 /* awesomeface.png in CopyFiles */ = {isa = PBXBuildFile; fileRef = 29CBA3F31BF5CA9C0036B776 /* awesomeface.png */; };
		29CBA43F1BFC5C200036B776 /* container.jpg in CopyFiles */ = {isa = PBXBuildFile; fileRef = 29CBA3F11BF5C3800036B776 /* container.jpg */; };
		29CBA4491BFC5C450036B776 /* main.cpp in Sources */ = {isa = PBXBuildFile; fileRef = 29CBA4461BFC5C390036B776 /* main.cpp */; };
		29CBA44A1BFC5C4D0036B776 /* fragment.fsh in CopyFiles */ = {isa = PBXBuildFile; fileRef = 29CBA4451BFC5C390036B776 /* fragment.fsh */; };
		29CBA44B1BFC5C4D0036B776 /* vertex.vsh in CopyFiles */ = {isa = PBXBuildFile; fileRef = 29CBA4471BFC5C390036B776 /* vertex.vsh */; };
/* End PBXBuildFile section */

/* Begin PBXCopyFilesBuildPhase section */
		294AD63B1BF1C7D3006ECCAD /* CopyFiles */ = {
			isa = PBXCopyFilesBuildPhase;
			buildActionMask = 2147483647;
			dstPath = /usr/share/man/man1/;
			dstSubfolderSpec = 0;
			files = (
			);
			runOnlyForDeploymentPostprocessing = 1;
		};
		29CBA3AE1BF30BCE0036B776 /* CopyFiles */ = {
			isa = PBXCopyFilesBuildPhase;
			buildActionMask = 2147483647;
			dstPath = /usr/share/man/man1/;
			dstSubfolderSpec = 0;
			files = (
			);
			runOnlyForDeploymentPostprocessing = 1;
		};
		29CBA3C31BF45FBC0036B776 /* CopyFiles */ = {
			isa = PBXCopyFilesBuildPhase;
			buildActionMask = 12;
			dstPath = "";
			dstSubfolderSpec = 16;
			files = (
				29CBA3D01BF463470036B776 /* vertex.vsh in CopyFiles */,
				29CBA3D11BF463480036B776 /* fragment.fsh in CopyFiles */,
			);
			runOnlyForDeploymentPostprocessing = 0;
		};
		29CBA3DE1BF5B32D0036B776 /* CopyFiles */ = {
			isa = PBXCopyFilesBuildPhase;
			buildActionMask = 12;
			dstPath = "";
			dstSubfolderSpec = 16;
			files = (
				29CBA3F41BF5CAA80036B776 /* awesomeface.png in CopyFiles */,
				29CBA3F21BF5C3840036B776 /* container.jpg in CopyFiles */,
				29CBA3EB1BF5B39A0036B776 /* fragment.fsh in CopyFiles */,
				29CBA3EC1BF5B39A0036B776 /* vertex.vsh in CopyFiles */,
			);
			runOnlyForDeploymentPostprocessing = 0;
		};
		29CBA4001BF9A57F0036B776 /* CopyFiles */ = {
			isa = PBXCopyFilesBuildPhase;
			buildActionMask = 12;
			dstPath = "";
			dstSubfolderSpec = 16;
			files = (
				29CBA40F1BF9A5A30036B776 /* fragment.fsh in CopyFiles */,
				29CBA4101BF9A5A30036B776 /* vertex.vsh in CopyFiles */,
				29CBA4011BF9A57F0036B776 /* awesomeface.png in CopyFiles */,
				29CBA4021BF9A57F0036B776 /* container.jpg in CopyFiles */,
			);
			runOnlyForDeploymentPostprocessing = 0;
		};
		29CBA41C1BFAF5480036B776 /* CopyFiles */ = {
			isa = PBXCopyFilesBuildPhase;
			buildActionMask = 12;
			dstPath = "";
			dstSubfolderSpec = 16;
			files = (
				29CBA42A1BFAF55D0036B776 /* fragment.fsh in CopyFiles */,
				29CBA42B1BFAF55D0036B776 /* vertex.vsh in CopyFiles */,
				29CBA41F1BFAF5480036B776 /* awesomeface.png in CopyFiles */,
				29CBA4201BFAF5480036B776 /* container.jpg in CopyFiles */,
			);
			runOnlyForDeploymentPostprocessing = 0;
		};
		29CBA43B1BFC5C200036B776 /* CopyFiles */ = {
			isa = PBXCopyFilesBuildPhase;
			buildActionMask = 12;
			dstPath = "";
			dstSubfolderSpec = 16;
			files = (
				29CBA44A1BFC5C4D0036B776 /* fragment.fsh in CopyFiles */,
				29CBA44B1BFC5C4D0036B776 /* vertex.vsh in CopyFiles */,
				29CBA43E1BFC5C200036B776 /* awesomeface.png in CopyFiles */,
				29CBA43F1BFC5C200036B776 /* container.jpg in CopyFiles */,
			);
			runOnlyForDeploymentPostprocessing = 0;
		};
/* End PBXCopyFilesBuildPhase section */

/* Begin PBXFileReference section */
		294AD63D1BF1C7D3006ECCAD /* HelloWindow */ = {isa = PBXFileReference; explicitFileType = "compiled.mach-o.executable"; includeInIndex = 0; path = HelloWindow; sourceTree = BUILT_PRODUCTS_DIR; };
		294AD6471BF1C928006ECCAD /* libglfw3.a */ = {isa = PBXFileReference; lastKnownFileType = archive.ar; name = libglfw3.a; path = LearnOpenGL/libglfw3.a; sourceTree = "<group>"; };
		294AD64B1BF1C97B006ECCAD /* CoreGraphics.framework */ = {isa = PBXFileReference; lastKnownFileType = wrapper.framework; name = CoreGraphics.framework; path = System/Library/Frameworks/CoreGraphics.framework; sourceTree = SDKROOT; };
		294AD64D1BF1C98D006ECCAD /* CoreVideo.framework */ = {isa = PBXFileReference; lastKnownFileType = wrapper.framework; name = CoreVideo.framework; path = System/Library/Frameworks/CoreVideo.framework; sourceTree = SDKROOT; };
		294AD6551BF1C9F3006ECCAD /* IOKit.framework */ = {isa = PBXFileReference; lastKnownFileType = wrapper.framework; name = IOKit.framework; path = System/Library/Frameworks/IOKit.framework; sourceTree = SDKROOT; };
		294AD6591BF1CA09006ECCAD /* AppKit.framework */ = {isa = PBXFileReference; lastKnownFileType = wrapper.framework; name = AppKit.framework; path = System/Library/Frameworks/AppKit.framework; sourceTree = SDKROOT; };
		294AD65F1BF1CD5E006ECCAD /* OpenGL.framework */ = {isa = PBXFileReference; lastKnownFileType = wrapper.framework; name = OpenGL.framework; path = System/Library/Frameworks/OpenGL.framework; sourceTree = SDKROOT; };
		294AD6611BF1D44A006ECCAD /* main.cpp */ = {isa = PBXFileReference; fileEncoding = 4; lastKnownFileType = sourcecode.cpp.cpp; name = main.cpp; path = HelloWindows/main.cpp; sourceTree = "<group>"; };
		29CBA3B21BF30BCE0036B776 /* HelloTriangle */ = {isa = PBXFileReference; explicitFileType = "compiled.mach-o.executable"; includeInIndex = 0; path = HelloTriangle; sourceTree = BUILT_PRODUCTS_DIR; };
		29CBA3B51BF30C0E0036B776 /* main.cpp */ = {isa = PBXFileReference; fileEncoding = 4; lastKnownFileType = sourcecode.cpp.cpp; path = main.cpp; sourceTree = "<group>"; };
		29CBA3C71BF45FBC0036B776 /* Shaders */ = {isa = PBXFileReference; explicitFileType = "compiled.mach-o.executable"; includeInIndex = 0; path = Shaders; sourceTree = BUILT_PRODUCTS_DIR; };
		29CBA3C91BF45FDE0036B776 /* main.cpp */ = {isa = PBXFileReference; fileEncoding = 4; lastKnownFileType = sourcecode.cpp.cpp; path = main.cpp; sourceTree = "<group>"; };
		29CBA3CA1BF45FDE0036B776 /* vertex.vsh */ = {isa = PBXFileReference; fileEncoding = 4; lastKnownFileType = sourcecode.glsl; path = vertex.vsh; sourceTree = "<group>"; };
		29CBA3CD1BF462710036B776 /* fragment.fsh */ = {isa = PBXFileReference; fileEncoding = 4; lastKnownFileType = sourcecode.glsl; path = fragment.fsh; sourceTree = "<group>"; };
		29CBA3D21BF463C60036B776 /* glhelpers.h */ = {isa = PBXFileReference; fileEncoding = 4; lastKnownFileType = sourcecode.c.h; name = glhelpers.h; path = LearnOpenGL/glhelpers.h; sourceTree = "<group>"; };
		29CBA3D31BF463C60036B776 /* debug.h */ = {isa = PBXFileReference; fileEncoding = 4; lastKnownFileType = sourcecode.c.h; name = debug.h; path = LearnOpenGL/debug.h; sourceTree = "<group>"; };
		29CBA3E41BF5B32D0036B776 /* Textures */ = {isa = PBXFileReference; explicitFileType = "compiled.mach-o.executable"; includeInIndex = 0; path = Textures; sourceTree = BUILT_PRODUCTS_DIR; };
		29CBA3E61BF5B34C0036B776 /* fragment.fsh */ = {isa = PBXFileReference; fileEncoding = 4; lastKnownFileType = sourcecode.glsl; path = fragment.fsh; sourceTree = "<group>"; };
		29CBA3E71BF5B34C0036B776 /* main.cpp */ = {isa = PBXFileReference; fileEncoding = 4; lastKnownFileType = sourcecode.cpp.cpp; path = main.cpp; sourceTree = "<group>"; };
		29CBA3E81BF5B34C0036B776 /* vertex.vsh */ = {isa = PBXFileReference; fileEncoding = 4; lastKnownFileType = sourcecode.glsl; path = vertex.vsh; sourceTree = "<group>"; };
		29CBA3ED1BF5C3450036B776 /* libSOIL.a */ = {isa = PBXFileReference; lastKnownFileType = archive.ar; name = libSOIL.a; path = LearnOpenGL/SOIL/libSOIL.a; sourceTree = "<group>"; };
		29CBA3EE1BF5C3450036B776 /* SOIL.h */ = {isa = PBXFileReference; fileEncoding = 4; lastKnownFileType = sourcecode.c.h; name = SOIL.h; path = LearnOpenGL/SOIL/SOIL.h; sourceTree = "<group>"; };
		29CBA3F11BF5C3800036B776 /* container.jpg */ = {isa = PBXFileReference; lastKnownFileType = image.jpeg; name = container.jpg; path = LearnOpenGL/container.jpg; sourceTree = SOURCE_ROOT; };
		29CBA3F31BF5CA9C0036B776 /* awesomeface.png */ = {isa = PBXFileReference; lastKnownFileType = image.png; name = awesomeface.png; path = LearnOpenGL/awesomeface.png; sourceTree = SOURCE_ROOT; };
		29CBA4081BF9A57F0036B776 /* Transformation */ = {isa = PBXFileReference; explicitFileType = "compiled.mach-o.executable"; includeInIndex = 0; path = Transformation; sourceTree = BUILT_PRODUCTS_DIR; };
		29CBA40A1BF9A58D0036B776 /* fragment.fsh */ = {isa = PBXFileReference; fileEncoding = 4; lastKnownFileType = sourcecode.glsl; path = fragment.fsh; sourceTree = "<group>"; };
		29CBA40B1BF9A58D0036B776 /* main.cpp */ = {isa = PBXFileReference; fileEncoding = 4; lastKnownFileType = sourcecode.cpp.cpp; path = main.cpp; sourceTree = "<group>"; };
		29CBA40C1BF9A58D0036B776 /* vertex.vsh */ = {isa = PBXFileReference; fileEncoding = 4; lastKnownFileType = sourcecode.glsl; path = vertex.vsh; sourceTree = "<group>"; };
		29CBA4241BFAF5480036B776 /* Coordinates */ = {isa = PBXFileReference; explicitFileType = "compiled.mach-o.executable"; includeInIndex = 0; path = Coordinates; sourceTree = BUILT_PRODUCTS_DIR; };
		29CBA4261BFAF5550036B776 /* fragment.fsh */ = {isa = PBXFileReference; fileEncoding = 4; lastKnownFileType = sourcecode.glsl; path = fragment.fsh; sourceTree = "<group>"; };
		29CBA4271BFAF5550036B776 /* main.cpp */ = {isa = PBXFileReference; fileEncoding = 4; lastKnownFileType = sourcecode.cpp.cpp; path = main.cpp; sourceTree = "<group>"; };
		29CBA4281BFAF5550036B776 /* vertex.vsh */ = {isa = PBXFileReference; fileEncoding = 4; lastKnownFileType = sourcecode.glsl; path = vertex.vsh; sourceTree = "<group>"; };
		29CBA4431BFC5C200036B776 /* Cameras */ = {isa = PBXFileReference; explicitFileType = "compiled.mach-o.executable"; includeInIndex = 0; path = Cameras; sourceTree = BUILT_PRODUCTS_DIR; };
		29CBA4451BFC5C390036B776 /* fragment.fsh */ = {isa = PBXFileReference; fileEncoding = 4; lastKnownFileType = sourcecode.glsl; path = fragment.fsh; sourceTree = "<group>"; };
		29CBA4461BFC5C390036B776 /* main.cpp */ = {isa = PBXFileReference; fileEncoding = 4; lastKnownFileType = sourcecode.cpp.cpp; path = main.cpp; sourceTree = "<group>"; };
		29CBA4471BFC5C390036B776 /* vertex.vsh */ = {isa = PBXFileReference; fileEncoding = 4; lastKnownFileType = sourcecode.glsl; path = vertex.vsh; sourceTree = "<group>"; };
/* End PBXFileReference section */

/* Begin PBXFrameworksBuildPhase section */
		294AD63A1BF1C7D3006ECCAD /* Frameworks */ = {
			isa = PBXFrameworksBuildPhase;
			buildActionMask = 2147483647;
			files = (
				294AD6601BF1CD5E006ECCAD /* OpenGL.framework in Frameworks */,
				294AD65B1BF1CA1A006ECCAD /* CoreVideo.framework in Frameworks */,
				294AD65A1BF1CA09006ECCAD /* AppKit.framework in Frameworks */,
				294AD6561BF1C9F3006ECCAD /* IOKit.framework in Frameworks */,
				294AD64C1BF1C97B006ECCAD /* CoreGraphics.framework in Frameworks */,
				294AD6481BF1C928006ECCAD /* libglfw3.a in Frameworks */,
			);
			runOnlyForDeploymentPostprocessing = 0;
		};
		29CBA3A71BF30BCE0036B776 /* Frameworks */ = {
			isa = PBXFrameworksBuildPhase;
			buildActionMask = 2147483647;
			files = (
				29CBA3A81BF30BCE0036B776 /* OpenGL.framework in Frameworks */,
				29CBA3A91BF30BCE0036B776 /* CoreVideo.framework in Frameworks */,
				29CBA3AA1BF30BCE0036B776 /* AppKit.framework in Frameworks */,
				29CBA3AB1BF30BCE0036B776 /* IOKit.framework in Frameworks */,
				29CBA3AC1BF30BCE0036B776 /* CoreGraphics.framework in Frameworks */,
				29CBA3AD1BF30BCE0036B776 /* libglfw3.a in Frameworks */,
			);
			runOnlyForDeploymentPostprocessing = 0;
		};
		29CBA3BC1BF45FBC0036B776 /* Frameworks */ = {
			isa = PBXFrameworksBuildPhase;
			buildActionMask = 2147483647;
			files = (
				29CBA3BD1BF45FBC0036B776 /* OpenGL.framework in Frameworks */,
				29CBA3BE1BF45FBC0036B776 /* CoreVideo.framework in Frameworks */,
				29CBA3BF1BF45FBC0036B776 /* AppKit.framework in Frameworks */,
				29CBA3C01BF45FBC0036B776 /* IOKit.framework in Frameworks */,
				29CBA3C11BF45FBC0036B776 /* CoreGraphics.framework in Frameworks */,
				29CBA3C21BF45FBC0036B776 /* libglfw3.a in Frameworks */,
			);
			runOnlyForDeploymentPostprocessing = 0;
		};
		29CBA3D71BF5B32D0036B776 /* Frameworks */ = {
			isa = PBXFrameworksBuildPhase;
			buildActionMask = 2147483647;
			files = (
				29CBA3D81BF5B32D0036B776 /* OpenGL.framework in Frameworks */,
				29CBA3D91BF5B32D0036B776 /* CoreVideo.framework in Frameworks */,
				29CBA3DA1BF5B32D0036B776 /* AppKit.framework in Frameworks */,
				29CBA3DB1BF5B32D0036B776 /* IOKit.framework in Frameworks */,
				29CBA3DC1BF5B32D0036B776 /* CoreGraphics.framework in Frameworks */,
				29CBA3F01BF5C3590036B776 /* libSOIL.a in Frameworks */,
				29CBA3DD1BF5B32D0036B776 /* libglfw3.a in Frameworks */,
			);
			runOnlyForDeploymentPostprocessing = 0;
		};
		29CBA3F81BF9A57F0036B776 /* Frameworks */ = {
			isa = PBXFrameworksBuildPhase;
			buildActionMask = 2147483647;
			files = (
				29CBA3F91BF9A57F0036B776 /* OpenGL.framework in Frameworks */,
				29CBA3FA1BF9A57F0036B776 /* CoreVideo.framework in Frameworks */,
				29CBA3FB1BF9A57F0036B776 /* AppKit.framework in Frameworks */,
				29CBA3FC1BF9A57F0036B776 /* IOKit.framework in Frameworks */,
				29CBA3FD1BF9A57F0036B776 /* CoreGraphics.framework in Frameworks */,
				29CBA3FE1BF9A57F0036B776 /* libSOIL.a in Frameworks */,
				29CBA3FF1BF9A57F0036B776 /* libglfw3.a in Frameworks */,
			);
			runOnlyForDeploymentPostprocessing = 0;
		};
		29CBA4141BFAF5480036B776 /* Frameworks */ = {
			isa = PBXFrameworksBuildPhase;
			buildActionMask = 2147483647;
			files = (
				29CBA4151BFAF5480036B776 /* OpenGL.framework in Frameworks */,
				29CBA4161BFAF5480036B776 /* CoreVideo.framework in Frameworks */,
				29CBA4171BFAF5480036B776 /* AppKit.framework in Frameworks */,
				29CBA4181BFAF5480036B776 /* IOKit.framework in Frameworks */,
				29CBA4191BFAF5480036B776 /* CoreGraphics.framework in Frameworks */,
				29CBA41A1BFAF5480036B776 /* libSOIL.a in Frameworks */,
				29CBA41B1BFAF5480036B776 /* libglfw3.a in Frameworks */,
			);
			runOnlyForDeploymentPostprocessing = 0;
		};
		29CBA4331BFC5C200036B776 /* Frameworks */ = {
			isa = PBXFrameworksBuildPhase;
			buildActionMask = 2147483647;
			files = (
				29CBA4341BFC5C200036B776 /* OpenGL.framework in Frameworks */,
				29CBA4351BFC5C200036B776 /* CoreVideo.framework in Frameworks */,
				29CBA4361BFC5C200036B776 /* AppKit.framework in Frameworks */,
				29CBA4371BFC5C200036B776 /* IOKit.framework in Frameworks */,
				29CBA4381BFC5C200036B776 /* CoreGraphics.framework in Frameworks */,
				29CBA4391BFC5C200036B776 /* libSOIL.a in Frameworks */,
				29CBA43A1BFC5C200036B776 /* libglfw3.a in Frameworks */,
			);
			runOnlyForDeploymentPostprocessing = 0;
		};
/* End PBXFrameworksBuildPhase section */

/* Begin PBXGroup section */
		294AD6341BF1C7D3006ECCAD = {
			isa = PBXGroup;
			children = (
				294AD65D1BF1CA6A006ECCAD /* 3rd */,
				294AD65C1BF1CA5E006ECCAD /* Frameworks */,
				294AD63F1BF1C7D3006ECCAD /* LearnOpenGL */,
				294AD63E1BF1C7D3006ECCAD /* Products */,
			);
			sourceTree = "<group>";
		};
		294AD63E1BF1C7D3006ECCAD /* Products */ = {
			isa = PBXGroup;
			children = (
				294AD63D1BF1C7D3006ECCAD /* HelloWindow */,
				29CBA3B21BF30BCE0036B776 /* HelloTriangle */,
				29CBA3C71BF45FBC0036B776 /* Shaders */,
				29CBA3E41BF5B32D0036B776 /* Textures */,
				29CBA4081BF9A57F0036B776 /* Transformation */,
				29CBA4241BFAF5480036B776 /* Coordinates */,
				29CBA4431BFC5C200036B776 /* Cameras */,
			);
			name = Products;
			sourceTree = "<group>";
		};
		294AD63F1BF1C7D3006ECCAD /* LearnOpenGL */ = {
			isa = PBXGroup;
			children = (
				29CBA4441BFC5C390036B776 /* Cameras */,
				29CBA4251BFAF5550036B776 /* Coordinates */,
				29CBA4091BF9A58D0036B776 /* Transformation */,
				29CBA3E51BF5B34C0036B776 /* Textures */,
				29CBA3C81BF45FDE0036B776 /* Shaders */,
				29CBA3B41BF30C0E0036B776 /* HelloTriangles */,
				294AD65E1BF1CB67006ECCAD /* HelloWindow */,
			);
			path = LearnOpenGL;
			sourceTree = "<group>";
		};
		294AD65C1BF1CA5E006ECCAD /* Frameworks */ = {
			isa = PBXGroup;
			children = (
				294AD65F1BF1CD5E006ECCAD /* OpenGL.framework */,
				294AD6591BF1CA09006ECCAD /* AppKit.framework */,
				294AD6551BF1C9F3006ECCAD /* IOKit.framework */,
				294AD64D1BF1C98D006ECCAD /* CoreVideo.framework */,
				294AD64B1BF1C97B006ECCAD /* CoreGraphics.framework */,
			);
			name = Frameworks;
			sourceTree = "<group>";
		};
		294AD65D1BF1CA6A006ECCAD /* 3rd */ = {
			isa = PBXGroup;
			children = (
				29CBA3ED1BF5C3450036B776 /* libSOIL.a */,
				29CBA3EE1BF5C3450036B776 /* SOIL.h */,
				29CBA3D21BF463C60036B776 /* glhelpers.h */,
				29CBA3D31BF463C60036B776 /* debug.h */,
				294AD6471BF1C928006ECCAD /* libglfw3.a */,
			);
			name = 3rd;
			sourceTree = "<group>";
		};
		294AD65E1BF1CB67006ECCAD /* HelloWindow */ = {
			isa = PBXGroup;
			children = (
				294AD6611BF1D44A006ECCAD /* main.cpp */,
			);
			name = HelloWindow;
			sourceTree = "<group>";
		};
		29CBA3B41BF30C0E0036B776 /* HelloTriangles */ = {
			isa = PBXGroup;
			children = (
				29CBA3B51BF30C0E0036B776 /* main.cpp */,
			);
			path = HelloTriangles;
			sourceTree = "<group>";
		};
		29CBA3C81BF45FDE0036B776 /* Shaders */ = {
			isa = PBXGroup;
			children = (
				29CBA3C91BF45FDE0036B776 /* main.cpp */,
				29CBA3CA1BF45FDE0036B776 /* vertex.vsh */,
				29CBA3CD1BF462710036B776 /* fragment.fsh */,
			);
			path = Shaders;
			sourceTree = "<group>";
		};
		29CBA3E51BF5B34C0036B776 /* Textures */ = {
			isa = PBXGroup;
			children = (
				29CBA3F31BF5CA9C0036B776 /* awesomeface.png */,
				29CBA3F11BF5C3800036B776 /* container.jpg */,
				29CBA3E61BF5B34C0036B776 /* fragment.fsh */,
				29CBA3E71BF5B34C0036B776 /* main.cpp */,
				29CBA3E81BF5B34C0036B776 /* vertex.vsh */,
			);
			path = Textures;
			sourceTree = "<group>";
		};
		29CBA4091BF9A58D0036B776 /* Transformation */ = {
			isa = PBXGroup;
			children = (
				29CBA40A1BF9A58D0036B776 /* fragment.fsh */,
				29CBA40B1BF9A58D0036B776 /* main.cpp */,
				29CBA40C1BF9A58D0036B776 /* vertex.vsh */,
			);
			path = Transformation;
			sourceTree = "<group>";
		};
		29CBA4251BFAF5550036B776 /* Coordinates */ = {
			isa = PBXGroup;
			children = (
				29CBA4261BFAF5550036B776 /* fragment.fsh */,
				29CBA4271BFAF5550036B776 /* main.cpp */,
				29CBA4281BFAF5550036B776 /* vertex.vsh */,
			);
			path = Coordinates;
			sourceTree = "<group>";
		};
		29CBA4441BFC5C390036B776 /* Cameras */ = {
			isa = PBXGroup;
			children = (
				29CBA4451BFC5C390036B776 /* fragment.fsh */,
				29CBA4461BFC5C390036B776 /* main.cpp */,
				29CBA4471BFC5C390036B776 /* vertex.vsh */,
			);
			path = Cameras;
			sourceTree = "<group>";
		};
/* End PBXGroup section */

/* Begin PBXNativeTarget section */
		294AD63C1BF1C7D3006ECCAD /* HelloWindow */ = {
			isa = PBXNativeTarget;
			buildConfigurationList = 294AD6441BF1C7D3006ECCAD /* Build configuration list for PBXNativeTarget "HelloWindow" */;
			buildPhases = (
				294AD6391BF1C7D3006ECCAD /* Sources */,
				294AD63A1BF1C7D3006ECCAD /* Frameworks */,
				294AD63B1BF1C7D3006ECCAD /* CopyFiles */,
			);
			buildRules = (
			);
			dependencies = (
			);
			name = HelloWindow;
			productName = LearnOpenGL;
			productReference = 294AD63D1BF1C7D3006ECCAD /* HelloWindow */;
			productType = "com.apple.product-type.tool";
		};
		29CBA3A41BF30BCE0036B776 /* HelloTriangle */ = {
			isa = PBXNativeTarget;
			buildConfigurationList = 29CBA3AF1BF30BCE0036B776 /* Build configuration list for PBXNativeTarget "HelloTriangle" */;
			buildPhases = (
				29CBA3A51BF30BCE0036B776 /* Sources */,
				29CBA3A71BF30BCE0036B776 /* Frameworks */,
				29CBA3AE1BF30BCE0036B776 /* CopyFiles */,
			);
			buildRules = (
			);
			dependencies = (
			);
			name = HelloTriangle;
			productName = LearnOpenGL;
			productReference = 29CBA3B21BF30BCE0036B776 /* HelloTriangle */;
			productType = "com.apple.product-type.tool";
		};
		29CBA3B91BF45FBC0036B776 /* Shaders */ = {
			isa = PBXNativeTarget;
			buildConfigurationList = 29CBA3C41BF45FBC0036B776 /* Build configuration list for PBXNativeTarget "Shaders" */;
			buildPhases = (
				29CBA3BA1BF45FBC0036B776 /* Sources */,
				29CBA3BC1BF45FBC0036B776 /* Frameworks */,
				29CBA3C31BF45FBC0036B776 /* CopyFiles */,
			);
			buildRules = (
			);
			dependencies = (
			);
			name = Shaders;
			productName = LearnOpenGL;
			productReference = 29CBA3C71BF45FBC0036B776 /* Shaders */;
			productType = "com.apple.product-type.tool";
		};
		29CBA3D41BF5B32D0036B776 /* Textures */ = {
			isa = PBXNativeTarget;
			buildConfigurationList = 29CBA3E11BF5B32D0036B776 /* Build configuration list for PBXNativeTarget "Textures" */;
			buildPhases = (
				29CBA3D51BF5B32D0036B776 /* Sources */,
				29CBA3D71BF5B32D0036B776 /* Frameworks */,
				29CBA3DE1BF5B32D0036B776 /* CopyFiles */,
			);
			buildRules = (
			);
			dependencies = (
			);
			name = Textures;
			productName = LearnOpenGL;
			productReference = 29CBA3E41BF5B32D0036B776 /* Textures */;
			productType = "com.apple.product-type.tool";
		};
		29CBA3F51BF9A57F0036B776 /* Transformation */ = {
			isa = PBXNativeTarget;
			buildConfigurationList = 29CBA4051BF9A57F0036B776 /* Build configuration list for PBXNativeTarget "Transformation" */;
			buildPhases = (
				29CBA3F61BF9A57F0036B776 /* Sources */,
				29CBA3F81BF9A57F0036B776 /* Frameworks */,
				29CBA4001BF9A57F0036B776 /* CopyFiles */,
			);
			buildRules = (
			);
			dependencies = (
			);
			name = Transformation;
			productName = LearnOpenGL;
			productReference = 29CBA4081BF9A57F0036B776 /* Transformation */;
			productType = "com.apple.product-type.tool";
		};
		29CBA4111BFAF5480036B776 /* Coordinates */ = {
			isa = PBXNativeTarget;
			buildConfigurationList = 29CBA4211BFAF5480036B776 /* Build configuration list for PBXNativeTarget "Coordinates" */;
			buildPhases = (
				29CBA4121BFAF5480036B776 /* Sources */,
				29CBA4141BFAF5480036B776 /* Frameworks */,
				29CBA41C1BFAF5480036B776 /* CopyFiles */,
			);
			buildRules = (
			);
			dependencies = (
			);
			name = Coordinates;
			productName = LearnOpenGL;
			productReference = 29CBA4241BFAF5480036B776 /* Coordinates */;
			productType = "com.apple.product-type.tool";
		};
		29CBA4301BFC5C200036B776 /* Cameras */ = {
			isa = PBXNativeTarget;
			buildConfigurationList = 29CBA4401BFC5C200036B776 /* Build configuration list for PBXNativeTarget "Cameras" */;
			buildPhases = (
				29CBA4311BFC5C200036B776 /* Sources */,
				29CBA4331BFC5C200036B776 /* Frameworks */,
				29CBA43B1BFC5C200036B776 /* CopyFiles */,
			);
			buildRules = (
			);
			dependencies = (
			);
			name = Cameras;
			productName = LearnOpenGL;
			productReference = 29CBA4431BFC5C200036B776 /* Cameras */;
			productType = "com.apple.product-type.tool";
		};
/* End PBXNativeTarget section */

/* Begin PBXProject section */
		294AD6351BF1C7D3006ECCAD /* Project object */ = {
			isa = PBXProject;
			attributes = {
				LastUpgradeCheck = 0710;
				ORGANIZATIONNAME = guanghui;
				TargetAttributes = {
					294AD63C1BF1C7D3006ECCAD = {
						CreatedOnToolsVersion = 7.1;
					};
				};
			};
			buildConfigurationList = 294AD6381BF1C7D3006ECCAD /* Build configuration list for PBXProject "LearnOpenGL" */;
			compatibilityVersion = "Xcode 3.2";
			developmentRegion = English;
			hasScannedForEncodings = 0;
			knownRegions = (
				en,
			);
			mainGroup = 294AD6341BF1C7D3006ECCAD;
			productRefGroup = 294AD63E1BF1C7D3006ECCAD /* Products */;
			projectDirPath = "";
			projectRoot = "";
			targets = (
				294AD63C1BF1C7D3006ECCAD /* HelloWindow */,
				29CBA3A41BF30BCE0036B776 /* HelloTriangle */,
				29CBA3B91BF45FBC0036B776 /* Shaders */,
				29CBA3D41BF5B32D0036B776 /* Textures */,
				29CBA3F51BF9A57F0036B776 /* Transformation */,
				29CBA4111BFAF5480036B776 /* Coordinates */,
				29CBA4301BFC5C200036B776 /* Cameras */,
			);
		};
/* End PBXProject section */

/* Begin PBXSourcesBuildPhase section */
		294AD6391BF1C7D3006ECCAD /* Sources */ = {
			isa = PBXSourcesBuildPhase;
			buildActionMask = 2147483647;
			files = (
				294AD6621BF1D44A006ECCAD /* main.cpp in Sources */,
			);
			runOnlyForDeploymentPostprocessing = 0;
		};
		29CBA3A51BF30BCE0036B776 /* Sources */ = {
			isa = PBXSourcesBuildPhase;
			buildActionMask = 2147483647;
			files = (
				29CBA3B71BF30C160036B776 /* main.cpp in Sources */,
			);
			runOnlyForDeploymentPostprocessing = 0;
		};
		29CBA3BA1BF45FBC0036B776 /* Sources */ = {
			isa = PBXSourcesBuildPhase;
			buildActionMask = 2147483647;
			files = (
				29CBA3CC1BF45FFF0036B776 /* main.cpp in Sources */,
			);
			runOnlyForDeploymentPostprocessing = 0;
		};
		29CBA3D51BF5B32D0036B776 /* Sources */ = {
			isa = PBXSourcesBuildPhase;
			buildActionMask = 2147483647;
			files = (
				29CBA3EA1BF5B35C0036B776 /* main.cpp in Sources */,
			);
			runOnlyForDeploymentPostprocessing = 0;
		};
		29CBA3F61BF9A57F0036B776 /* Sources */ = {
			isa = PBXSourcesBuildPhase;
			buildActionMask = 2147483647;
			files = (
				29CBA40E1BF9A59A0036B776 /* main.cpp in Sources */,
			);
			runOnlyForDeploymentPostprocessing = 0;
		};
		29CBA4121BFAF5480036B776 /* Sources */ = {
			isa = PBXSourcesBuildPhase;
			buildActionMask = 2147483647;
			files = (
				29CBA42C1BFAF5680036B776 /* main.cpp in Sources */,
			);
			runOnlyForDeploymentPostprocessing = 0;
		};
		29CBA4311BFC5C200036B776 /* Sources */ = {
			isa = PBXSourcesBuildPhase;
			buildActionMask = 2147483647;
			files = (
				29CBA4491BFC5C450036B776 /* main.cpp in Sources */,
			);
			runOnlyForDeploymentPostprocessing = 0;
		};
/* End PBXSourcesBuildPhase section */

/* Begin XCBuildConfiguration section */
		294AD6421BF1C7D3006ECCAD /* Debug */ = {
			isa = XCBuildConfiguration;
			buildSettings = {
				ALWAYS_SEARCH_USER_PATHS = NO;
				CLANG_CXX_LANGUAGE_STANDARD = "gnu++0x";
				CLANG_CXX_LIBRARY = "libc++";
				CLANG_ENABLE_MODULES = YES;
				CLANG_ENABLE_OBJC_ARC = YES;
				CLANG_WARN_BOOL_CONVERSION = YES;
				CLANG_WARN_CONSTANT_CONVERSION = YES;
				CLANG_WARN_DIRECT_OBJC_ISA_USAGE = YES_ERROR;
				CLANG_WARN_EMPTY_BODY = YES;
				CLANG_WARN_ENUM_CONVERSION = YES;
				CLANG_WARN_INT_CONVERSION = YES;
				CLANG_WARN_OBJC_ROOT_CLASS = YES_ERROR;
				CLANG_WARN_UNREACHABLE_CODE = YES;
				CLANG_WARN__DUPLICATE_METHOD_MATCH = YES;
				CODE_SIGN_IDENTITY = "-";
				COPY_PHASE_STRIP = NO;
				DEBUG_INFORMATION_FORMAT = dwarf;
				ENABLE_STRICT_OBJC_MSGSEND = YES;
				ENABLE_TESTABILITY = YES;
				GCC_C_LANGUAGE_STANDARD = gnu99;
				GCC_DYNAMIC_NO_PIC = NO;
				GCC_NO_COMMON_BLOCKS = YES;
				GCC_OPTIMIZATION_LEVEL = 0;
				GCC_PREPROCESSOR_DEFINITIONS = (
					"DEBUG=1",
					"$(inherited)",
				);
				GCC_WARN_64_TO_32_BIT_CONVERSION = YES;
				GCC_WARN_ABOUT_RETURN_TYPE = YES_ERROR;
				GCC_WARN_UNDECLARED_SELECTOR = YES;
				GCC_WARN_UNINITIALIZED_AUTOS = YES_AGGRESSIVE;
				GCC_WARN_UNUSED_FUNCTION = YES;
				GCC_WARN_UNUSED_VARIABLE = YES;
				MACOSX_DEPLOYMENT_TARGET = 10.11;
				MTL_ENABLE_DEBUG_INFO = YES;
				ONLY_ACTIVE_ARCH = YES;
				SDKROOT = macosx;
			};
			name = Debug;
		};
		294AD6431BF1C7D3006ECCAD /* Release */ = {
			isa = XCBuildConfiguration;
			buildSettings = {
				ALWAYS_SEARCH_USER_PATHS = NO;
				CLANG_CXX_LANGUAGE_STANDARD = "gnu++0x";
				CLANG_CXX_LIBRARY = "libc++";
				CLANG_ENABLE_MODULES = YES;
				CLANG_ENABLE_OBJC_ARC = YES;
				CLANG_WARN_BOOL_CONVERSION = YES;
				CLANG_WARN_CONSTANT_CONVERSION = YES;
				CLANG_WARN_DIRECT_OBJC_ISA_USAGE = YES_ERROR;
				CLANG_WARN_EMPTY_BODY = YES;
				CLANG_WARN_ENUM_CONVERSION = YES;
				CLANG_WARN_INT_CONVERSION = YES;
				CLANG_WARN_OBJC_ROOT_CLASS = YES_ERROR;
				CLANG_WARN_UNREACHABLE_CODE = YES;
				CLANG_WARN__DUPLICATE_METHOD_MATCH = YES;
				CODE_SIGN_IDENTITY = "-";
				COPY_PHASE_STRIP = NO;
				DEBUG_INFORMATION_FORMAT = "dwarf-with-dsym";
				ENABLE_NS_ASSERTIONS = NO;
				ENABLE_STRICT_OBJC_MSGSEND = YES;
				GCC_C_LANGUAGE_STANDARD = gnu99;
				GCC_NO_COMMON_BLOCKS = YES;
				GCC_WARN_64_TO_32_BIT_CONVERSION = YES;
				GCC_WARN_ABOUT_RETURN_TYPE = YES_ERROR;
				GCC_WARN_UNDECLARED_SELECTOR = YES;
				GCC_WARN_UNINITIALIZED_AUTOS = YES_AGGRESSIVE;
				GCC_WARN_UNUSED_FUNCTION = YES;
				GCC_WARN_UNUSED_VARIABLE = YES;
				MACOSX_DEPLOYMENT_TARGET = 10.11;
				MTL_ENABLE_DEBUG_INFO = NO;
				SDKROOT = macosx;
			};
			name = Release;
		};
		294AD6451BF1C7D3006ECCAD /* Debug */ = {
			isa = XCBuildConfiguration;
			buildSettings = {
				LIBRARY_SEARCH_PATHS = (
					"$(inherited)",
					"$(PROJECT_DIR)/LearnOpenGL",
					"$(PROJECT_DIR)/LearnOpenGL/SOIL",
				);
				PRODUCT_NAME = "$(TARGET_NAME)";
				USER_HEADER_SEARCH_PATHS = "$(SRCROOT)/LearnOpenGL";
			};
			name = Debug;
		};
		294AD6461BF1C7D3006ECCAD /* Release */ = {
			isa = XCBuildConfiguration;
			buildSettings = {
				LIBRARY_SEARCH_PATHS = (
					"$(inherited)",
					"$(PROJECT_DIR)/LearnOpenGL",
					"$(PROJECT_DIR)/LearnOpenGL/SOIL",
				);
				PRODUCT_NAME = "$(TARGET_NAME)";
				USER_HEADER_SEARCH_PATHS = "$(SRCROOT)/LearnOpenGL";
			};
			name = Release;
		};
		29CBA3B01BF30BCE0036B776 /* Debug */ = {
			isa = XCBuildConfiguration;
			buildSettings = {
				LIBRARY_SEARCH_PATHS = (
					"$(inherited)",
					"$(PROJECT_DIR)/LearnOpenGL",
				);
				PRODUCT_NAME = "$(TARGET_NAME)";
				USER_HEADER_SEARCH_PATHS = "$(SRCROOT)/LearnOpenGL";
			};
			name = Debug;
		};
		29CBA3B11BF30BCE0036B776 /* Release */ = {
			isa = XCBuildConfiguration;
			buildSettings = {
				LIBRARY_SEARCH_PATHS = (
					"$(inherited)",
					"$(PROJECT_DIR)/LearnOpenGL",
				);
				PRODUCT_NAME = "$(TARGET_NAME)";
				USER_HEADER_SEARCH_PATHS = "$(SRCROOT)/LearnOpenGL";
			};
			name = Release;
		};
		29CBA3C51BF45FBC0036B776 /* Debug */ = {
			isa = XCBuildConfiguration;
			buildSettings = {
				LIBRARY_SEARCH_PATHS = (
					"$(inherited)",
					"$(PROJECT_DIR)/LearnOpenGL",
				);
				PRODUCT_NAME = "$(TARGET_NAME)";
				USER_HEADER_SEARCH_PATHS = "$(SRCROOT)/LearnOpenGL";
			};
			name = Debug;
		};
		29CBA3C61BF45FBC0036B776 /* Release */ = {
			isa = XCBuildConfiguration;
			buildSettings = {
				LIBRARY_SEARCH_PATHS = (
					"$(inherited)",
					"$(PROJECT_DIR)/LearnOpenGL",
				);
				PRODUCT_NAME = "$(TARGET_NAME)";
				USER_HEADER_SEARCH_PATHS = "$(SRCROOT)/LearnOpenGL";
			};
			name = Release;
		};
		29CBA3E21BF5B32D0036B776 /* Debug */ = {
			isa = XCBuildConfiguration;
			buildSettings = {
				LIBRARY_SEARCH_PATHS = (
					"$(inherited)",
					"$(PROJECT_DIR)/LearnOpenGL",
					"$(PROJECT_DIR)/LearnOpenGL/SOIL",
				);
				PRODUCT_NAME = "$(TARGET_NAME)";
				USER_HEADER_SEARCH_PATHS = "$(SRCROOT)/LearnOpenGL";
			};
			name = Debug;
		};
		29CBA3E31BF5B32D0036B776 /* Release */ = {
			isa = XCBuildConfiguration;
			buildSettings = {
				LIBRARY_SEARCH_PATHS = (
					"$(inherited)",
					"$(PROJECT_DIR)/LearnOpenGL",
					"$(PROJECT_DIR)/LearnOpenGL/SOIL",
				);
				PRODUCT_NAME = "$(TARGET_NAME)";
				USER_HEADER_SEARCH_PATHS = "$(SRCROOT)/LearnOpenGL";
			};
			name = Release;
		};
		29CBA4061BF9A57F0036B776 /* Debug */ = {
			isa = XCBuildConfiguration;
			buildSettings = {
				LIBRARY_SEARCH_PATHS = (
					"$(inherited)",
					"$(PROJECT_DIR)/LearnOpenGL",
					"$(PROJECT_DIR)/LearnOpenGL/SOIL",
				);
				PRODUCT_NAME = "$(TARGET_NAME)";
				USER_HEADER_SEARCH_PATHS = "$(SRCROOT)/LearnOpenGL";
			};
			name = Debug;
		};
		29CBA4071BF9A57F0036B776 /* Release */ = {
			isa = XCBuildConfiguration;
			buildSettings = {
				LIBRARY_SEARCH_PATHS = (
					"$(inherited)",
					"$(PROJECT_DIR)/LearnOpenGL",
					"$(PROJECT_DIR)/LearnOpenGL/SOIL",
				);
				PRODUCT_NAME = "$(TARGET_NAME)";
				USER_HEADER_SEARCH_PATHS = "$(SRCROOT)/LearnOpenGL";
			};
			name = Release;
		};
		29CBA4221BFAF5480036B776 /* Debug */ = {
			isa = XCBuildConfiguration;
			buildSettings = {
				LIBRARY_SEARCH_PATHS = (
					"$(inherited)",
					"$(PROJECT_DIR)/LearnOpenGL",
					"$(PROJECT_DIR)/LearnOpenGL/SOIL",
				);
				PRODUCT_NAME = "$(TARGET_NAME)";
				USER_HEADER_SEARCH_PATHS = "$(SRCROOT)/LearnOpenGL";
			};
			name = Debug;
		};
		29CBA4231BFAF5480036B776 /* Release */ = {
			isa = XCBuildConfiguration;
			buildSettings = {
				LIBRARY_SEARCH_PATHS = (
					"$(inherited)",
					"$(PROJECT_DIR)/LearnOpenGL",
					"$(PROJECT_DIR)/LearnOpenGL/SOIL",
				);
				PRODUCT_NAME = "$(TARGET_NAME)";
				USER_HEADER_SEARCH_PATHS = "$(SRCROOT)/LearnOpenGL";
			};
			name = Release;
		};
		29CBA4411BFC5C200036B776 /* Debug */ = {
			isa = XCBuildConfiguration;
			buildSettings = {
				LIBRARY_SEARCH_PATHS = (
					"$(inherited)",
					"$(PROJECT_DIR)/LearnOpenGL",
					"$(PROJECT_DIR)/LearnOpenGL/SOIL",
				);
				PRODUCT_NAME = "$(TARGET_NAME)";
				USER_HEADER_SEARCH_PATHS = "$(SRCROOT)/LearnOpenGL";
			};
			name = Debug;
		};
		29CBA4421BFC5C200036B776 /* Release */ = {
			isa = XCBuildConfiguration;
			buildSettings = {
				LIBRARY_SEARCH_PATHS = (
					"$(inherited)",
					"$(PROJECT_DIR)/LearnOpenGL",
					"$(PROJECT_DIR)/LearnOpenGL/SOIL",
				);
				PRODUCT_NAME = "$(TARGET_NAME)";
				USER_HEADER_SEARCH_PATHS = "$(SRCROOT)/LearnOpenGL";
			};
			name = Release;
		};
/* End XCBuildConfiguration section */

/* Begin XCConfigurationList section */
		294AD6381BF1C7D3006ECCAD /* Build configuration list for PBXProject "LearnOpenGL" */ = {
			isa = XCConfigurationList;
			buildConfigurations = (
				294AD6421BF1C7D3006ECCAD /* Debug */,
				294AD6431BF1C7D3006ECCAD /* Release */,
			);
			defaultConfigurationIsVisible = 0;
			defaultConfigurationName = Release;
		};
		294AD6441BF1C7D3006ECCAD /* Build configuration list for PBXNativeTarget "HelloWindow" */ = {
			isa = XCConfigurationList;
			buildConfigurations = (
				294AD6451BF1C7D3006ECCAD /* Debug */,
				294AD6461BF1C7D3006ECCAD /* Release */,
			);
			defaultConfigurationIsVisible = 0;
			defaultConfigurationName = Release;
		};
		29CBA3AF1BF30BCE0036B776 /* Build configuration list for PBXNativeTarget "HelloTriangle" */ = {
			isa = XCConfigurationList;
			buildConfigurations = (
				29CBA3B01BF30BCE0036B776 /* Debug */,
				29CBA3B11BF30BCE0036B776 /* Release */,
			);
			defaultConfigurationIsVisible = 0;
			defaultConfigurationName = Release;
		};
		29CBA3C41BF45FBC0036B776 /* Build configuration list for PBXNativeTarget "Shaders" */ = {
			isa = XCConfigurationList;
			buildConfigurations = (
				29CBA3C51BF45FBC0036B776 /* Debug */,
				29CBA3C61BF45FBC0036B776 /* Release */,
			);
			defaultConfigurationIsVisible = 0;
			defaultConfigurationName = Release;
		};
		29CBA3E11BF5B32D0036B776 /* Build configuration list for PBXNativeTarget "Textures" */ = {
			isa = XCConfigurationList;
			buildConfigurations = (
				29CBA3E21BF5B32D0036B776 /* Debug */,
				29CBA3E31BF5B32D0036B776 /* Release */,
			);
			defaultConfigurationIsVisible = 0;
			defaultConfigurationName = Release;
		};
		29CBA4051BF9A57F0036B776 /* Build configuration list for PBXNativeTarget "Transformation" */ = {
			isa = XCConfigurationList;
			buildConfigurations = (
				29CBA4061BF9A57F0036B776 /* Debug */,
				29CBA4071BF9A57F0036B776 /* Release */,
			);
			defaultConfigurationIsVisible = 0;
			defaultConfigurationName = Release;
		};
		29CBA4211BFAF5480036B776 /* Build configuration list for PBXNativeTarget "Coordinates" */ = {
			isa = XCConfigurationList;
			buildConfigurations = (
				29CBA4221BFAF5480036B776 /* Debug */,
				29CBA4231BFAF5480036B776 /* Release */,
			);
			defaultConfigurationIsVisible = 0;
			defaultConfigurationName = Release;
		};
		29CBA4401BFC5C200036B776 /* Build configuration list for PBXNativeTarget "Cameras" */ = {
			isa = XCConfigurationList;
			buildConfigurations = (
				29CBA4411BFC5C200036B776 /* Debug */,
				29CBA4421BFC5C200036B776 /* Release */,
			);
			defaultConfigurationIsVisible = 0;
			defaultConfigurationName = Release;
		};
/* End XCConfigurationList section */
	};
	rootObject = 294AD6351BF1C7D3006ECCAD /* Project object */;
}
