// !$*UTF8*$!
{
	archiveVersion = 1;
	classes = {
	};
	objectVersion = 46;
	objects = {

/* Begin PBXBuildFile section */
		294AD6481BF1C928006ECCAD /* libglfw3.a in Frameworks */ = {isa = PBXBuildFile; fileRef = 294AD6471BF1C928006ECCAD /* libglfw3.a */; };
		294AD64C1BF1C97B006ECCAD /* CoreGraphics.framework in Frameworks */ = {isa = PBXBuildFile; fileRef = 294AD64B1BF1C97B006ECCAD /* CoreGraphics.framework */; };
		294AD6561BF1C9F3006ECCAD /* IOKit.framework in Frameworks */ = {isa = PBXBuildFile; fileRef = 294AD6551BF1C9F3006ECCAD /* IOKit.framework */; };
		294AD65A1BF1CA09006ECCAD /* AppKit.framework in Frameworks */ = {isa = PBXBuildFile; fileRef = 294AD6591BF1CA09006ECCAD /* AppKit.framework */; };
		294AD65B1BF1CA1A006ECCAD /* CoreVideo.framework in Frameworks */ = {isa = PBXBuildFile; fileRef = 294AD64D1BF1C98D006ECCAD /* CoreVideo.framework */; };
		294AD6601BF1CD5E006ECCAD /* OpenGL.framework in Frameworks */ = {isa = PBXBuildFile; fileRef = 294AD65F1BF1CD5E006ECCAD /* OpenGL.framework */; };
		294AD6621BF1D44A006ECCAD /* main.cpp in Sources */ = {isa = PBXBuildFile; fileRef = 294AD6611BF1D44A006ECCAD /* main.cpp */; };
		29CBA3A81BF30BCE0036B776 /* OpenGL.framework in Frameworks */ = {isa = PBXBuildFile; fileRef = 294AD65F1BF1CD5E006ECCAD /* OpenGL.framework */; };
		29CBA3A91BF30BCE0036B776 /* CoreVideo.framework in Frameworks */ = {isa = PBXBuildFile; fileRef = 294AD64D1BF1C98D006ECCAD /* CoreVideo.framework */; };
		29CBA3AA1BF30BCE0036B776 /* AppKit.framework in Frameworks */ = {isa = PBXBuildFile; fileRef = 294AD6591BF1CA09006ECCAD /* AppKit.framework */; };
		29CBA3AB1BF30BCE0036B776 /* IOKit.framework in Frameworks */ = {isa = PBXBuildFile; fileRef = 294AD6551BF1C9F3006ECCAD /* IOKit.framework */; };
		29CBA3AC1BF30BCE0036B776 /* CoreGraphics.framework in Frameworks */ = {isa = PBXBuildFile; fileRef = 294AD64B1BF1C97B006ECCAD /* CoreGraphics.framework */; };
		29CBA3AD1BF30BCE0036B776 /* libglfw3.a in Frameworks */ = {isa = PBXBuildFile; fileRef = 294AD6471BF1C928006ECCAD /* libglfw3.a */; };
		29CBA3B71BF30C160036B776 /* main.cpp in Sources */ = {isa = PBXBuildFile; fileRef = 29CBA3B51BF30C0E0036B776 /* main.cpp */; };
/* End PBXBuildFile section */

/* Begin PBXCopyFilesBuildPhase section */
		294AD63B1BF1C7D3006ECCAD /* CopyFiles */ = {
			isa = PBXCopyFilesBuildPhase;
			buildActionMask = 2147483647;
			dstPath = /usr/share/man/man1/;
			dstSubfolderSpec = 0;
			files = (
			);
			runOnlyForDeploymentPostprocessing = 1;
		};
		29CBA3AE1BF30BCE0036B776 /* CopyFiles */ = {
			isa = PBXCopyFilesBuildPhase;
			buildActionMask = 2147483647;
			dstPath = /usr/share/man/man1/;
			dstSubfolderSpec = 0;
			files = (
			);
			runOnlyForDeploymentPostprocessing = 1;
		};
/* End PBXCopyFilesBuildPhase section */

/* Begin PBXFileReference section */
		294AD63D1BF1C7D3006ECCAD /* HelloWindow */ = {isa = PBXFileReference; explicitFileType = "compiled.mach-o.executable"; includeInIndex = 0; path = HelloWindow; sourceTree = BUILT_PRODUCTS_DIR; };
		294AD6471BF1C928006ECCAD /* libglfw3.a */ = {isa = PBXFileReference; lastKnownFileType = archive.ar; name = libglfw3.a; path = LearnOpenGL/libglfw3.a; sourceTree = "<group>"; };
		294AD64B1BF1C97B006ECCAD /* CoreGraphics.framework */ = {isa = PBXFileReference; lastKnownFileType = wrapper.framework; name = CoreGraphics.framework; path = System/Library/Frameworks/CoreGraphics.framework; sourceTree = SDKROOT; };
		294AD64D1BF1C98D006ECCAD /* CoreVideo.framework */ = {isa = PBXFileReference; lastKnownFileType = wrapper.framework; name = CoreVideo.framework; path = System/Library/Frameworks/CoreVideo.framework; sourceTree = SDKROOT; };
		294AD6551BF1C9F3006ECCAD /* IOKit.framework */ = {isa = PBXFileReference; lastKnownFileType = wrapper.framework; name = IOKit.framework; path = System/Library/Frameworks/IOKit.framework; sourceTree = SDKROOT; };
		294AD6591BF1CA09006ECCAD /* AppKit.framework */ = {isa = PBXFileReference; lastKnownFileType = wrapper.framework; name = AppKit.framework; path = System/Library/Frameworks/AppKit.framework; sourceTree = SDKROOT; };
		294AD65F1BF1CD5E006ECCAD /* OpenGL.framework */ = {isa = PBXFileReference; lastKnownFileType = wrapper.framework; name = OpenGL.framework; path = System/Library/Frameworks/OpenGL.framework; sourceTree = SDKROOT; };
		294AD6611BF1D44A006ECCAD /* main.cpp */ = {isa = PBXFileReference; fileEncoding = 4; lastKnownFileType = sourcecode.cpp.cpp; name = main.cpp; path = HelloWindows/main.cpp; sourceTree = "<group>"; };
		29CBA3B21BF30BCE0036B776 /* HelloTriangle */ = {isa = PBXFileReference; explicitFileType = "compiled.mach-o.executable"; includeInIndex = 0; path = HelloTriangle; sourceTree = BUILT_PRODUCTS_DIR; };
		29CBA3B51BF30C0E0036B776 /* main.cpp */ = {isa = PBXFileReference; fileEncoding = 4; lastKnownFileType = sourcecode.cpp.cpp; path = main.cpp; sourceTree = "<group>"; };
/* End PBXFileReference section */

/* Begin PBXFrameworksBuildPhase section */
		294AD63A1BF1C7D3006ECCAD /* Frameworks */ = {
			isa = PBXFrameworksBuildPhase;
			buildActionMask = 2147483647;
			files = (
				294AD6601BF1CD5E006ECCAD /* OpenGL.framework in Frameworks */,
				294AD65B1BF1CA1A006ECCAD /* CoreVideo.framework in Frameworks */,
				294AD65A1BF1CA09006ECCAD /* AppKit.framework in Frameworks */,
				294AD6561BF1C9F3006ECCAD /* IOKit.framework in Frameworks */,
				294AD64C1BF1C97B006ECCAD /* CoreGraphics.framework in Frameworks */,
				294AD6481BF1C928006ECCAD /* libglfw3.a in Frameworks */,
			);
			runOnlyForDeploymentPostprocessing = 0;
		};
		29CBA3A71BF30BCE0036B776 /* Frameworks */ = {
			isa = PBXFrameworksBuildPhase;
			buildActionMask = 2147483647;
			files = (
				29CBA3A81BF30BCE0036B776 /* OpenGL.framework in Frameworks */,
				29CBA3A91BF30BCE0036B776 /* CoreVideo.framework in Frameworks */,
				29CBA3AA1BF30BCE0036B776 /* AppKit.framework in Frameworks */,
				29CBA3AB1BF30BCE0036B776 /* IOKit.framework in Frameworks */,
				29CBA3AC1BF30BCE0036B776 /* CoreGraphics.framework in Frameworks */,
				29CBA3AD1BF30BCE0036B776 /* libglfw3.a in Frameworks */,
			);
			runOnlyForDeploymentPostprocessing = 0;
		};
/* End PBXFrameworksBuildPhase section */

/* Begin PBXGroup section */
		294AD6341BF1C7D3006ECCAD = {
			isa = PBXGroup;
			children = (
				294AD65D1BF1CA6A006ECCAD /* 3rd */,
				294AD65C1BF1CA5E006ECCAD /* Frameworks */,
				294AD63F1BF1C7D3006ECCAD /* LearnOpenGL */,
				294AD63E1BF1C7D3006ECCAD /* Products */,
			);
			sourceTree = "<group>";
		};
		294AD63E1BF1C7D3006ECCAD /* Products */ = {
			isa = PBXGroup;
			children = (
				294AD63D1BF1C7D3006ECCAD /* HelloWindow */,
				29CBA3B21BF30BCE0036B776 /* HelloTriangle */,
			);
			name = Products;
			sourceTree = "<group>";
		};
		294AD63F1BF1C7D3006ECCAD /* LearnOpenGL */ = {
			isa = PBXGroup;
			children = (
				29CBA3B41BF30C0E0036B776 /* HelloTriangles */,
				294AD65E1BF1CB67006ECCAD /* HelloWindow */,
			);
			path = LearnOpenGL;
			sourceTree = "<group>";
		};
		294AD65C1BF1CA5E006ECCAD /* Frameworks */ = {
			isa = PBXGroup;
			children = (
				294AD65F1BF1CD5E006ECCAD /* OpenGL.framework */,
				294AD6591BF1CA09006ECCAD /* AppKit.framework */,
				294AD6551BF1C9F3006ECCAD /* IOKit.framework */,
				294AD64D1BF1C98D006ECCAD /* CoreVideo.framework */,
				294AD64B1BF1C97B006ECCAD /* CoreGraphics.framework */,
			);
			name = Frameworks;
			sourceTree = "<group>";
		};
		294AD65D1BF1CA6A006ECCAD /* 3rd */ = {
			isa = PBXGroup;
			children = (
				294AD6471BF1C928006ECCAD /* libglfw3.a */,
			);
			name = 3rd;
			sourceTree = "<group>";
		};
		294AD65E1BF1CB67006ECCAD /* HelloWindow */ = {
			isa = PBXGroup;
			children = (
				294AD6611BF1D44A006ECCAD /* main.cpp */,
			);
			name = HelloWindow;
			sourceTree = "<group>";
		};
		29CBA3B41BF30C0E0036B776 /* HelloTriangles */ = {
			isa = PBXGroup;
			children = (
				29CBA3B51BF30C0E0036B776 /* main.cpp */,
			);
			path = HelloTriangles;
			sourceTree = "<group>";
		};
/* End PBXGroup section */

/* Begin PBXNativeTarget section */
		294AD63C1BF1C7D3006ECCAD /* HelloWindow */ = {
			isa = PBXNativeTarget;
			buildConfigurationList = 294AD6441BF1C7D3006ECCAD /* Build configuration list for PBXNativeTarget "HelloWindow" */;
			buildPhases = (
				294AD6391BF1C7D3006ECCAD /* Sources */,
				294AD63A1BF1C7D3006ECCAD /* Frameworks */,
				294AD63B1BF1C7D3006ECCAD /* CopyFiles */,
			);
			buildRules = (
			);
			dependencies = (
			);
			name = HelloWindow;
			productName = LearnOpenGL;
			productReference = 294AD63D1BF1C7D3006ECCAD /* HelloWindow */;
			productType = "com.apple.product-type.tool";
		};
		29CBA3A41BF30BCE0036B776 /* HelloTriangle */ = {
			isa = PBXNativeTarget;
			buildConfigurationList = 29CBA3AF1BF30BCE0036B776 /* Build configuration list for PBXNativeTarget "HelloTriangle" */;
			buildPhases = (
				29CBA3A51BF30BCE0036B776 /* Sources */,
				29CBA3A71BF30BCE0036B776 /* Frameworks */,
				29CBA3AE1BF30BCE0036B776 /* CopyFiles */,
			);
			buildRules = (
			);
			dependencies = (
			);
			name = HelloTriangle;
			productName = LearnOpenGL;
			productReference = 29CBA3B21BF30BCE0036B776 /* HelloTriangle */;
			productType = "com.apple.product-type.tool";
		};
/* End PBXNativeTarget section */

/* Begin PBXProject section */
		294AD6351BF1C7D3006ECCAD /* Project object */ = {
			isa = PBXProject;
			attributes = {
				LastUpgradeCheck = 0710;
				ORGANIZATIONNAME = guanghui;
				TargetAttributes = {
					294AD63C1BF1C7D3006ECCAD = {
						CreatedOnToolsVersion = 7.1;
					};
				};
			};
			buildConfigurationList = 294AD6381BF1C7D3006ECCAD /* Build configuration list for PBXProject "LearnOpenGL" */;
			compatibilityVersion = "Xcode 3.2";
			developmentRegion = English;
			hasScannedForEncodings = 0;
			knownRegions = (
				en,
			);
			mainGroup = 294AD6341BF1C7D3006ECCAD;
			productRefGroup = 294AD63E1BF1C7D3006ECCAD /* Products */;
			projectDirPath = "";
			projectRoot = "";
			targets = (
				294AD63C1BF1C7D3006ECCAD /* HelloWindow */,
				29CBA3A41BF30BCE0036B776 /* HelloTriangle */,
			);
		};
/* End PBXProject section */

/* Begin PBXSourcesBuildPhase section */
		294AD6391BF1C7D3006ECCAD /* Sources */ = {
			isa = PBXSourcesBuildPhase;
			buildActionMask = 2147483647;
			files = (
				294AD6621BF1D44A006ECCAD /* main.cpp in Sources */,
			);
			runOnlyForDeploymentPostprocessing = 0;
		};
		29CBA3A51BF30BCE0036B776 /* Sources */ = {
			isa = PBXSourcesBuildPhase;
			buildActionMask = 2147483647;
			files = (
				29CBA3B71BF30C160036B776 /* main.cpp in Sources */,
			);
			runOnlyForDeploymentPostprocessing = 0;
		};
/* End PBXSourcesBuildPhase section */

/* Begin XCBuildConfiguration section */
		294AD6421BF1C7D3006ECCAD /* Debug */ = {
			isa = XCBuildConfiguration;
			buildSettings = {
				ALWAYS_SEARCH_USER_PATHS = NO;
				CLANG_CXX_LANGUAGE_STANDARD = "gnu++0x";
				CLANG_CXX_LIBRARY = "libc++";
				CLANG_ENABLE_MODULES = YES;
				CLANG_ENABLE_OBJC_ARC = YES;
				CLANG_WARN_BOOL_CONVERSION = YES;
				CLANG_WARN_CONSTANT_CONVERSION = YES;
				CLANG_WARN_DIRECT_OBJC_ISA_USAGE = YES_ERROR;
				CLANG_WARN_EMPTY_BODY = YES;
				CLANG_WARN_ENUM_CONVERSION = YES;
				CLANG_WARN_INT_CONVERSION = YES;
				CLANG_WARN_OBJC_ROOT_CLASS = YES_ERROR;
				CLANG_WARN_UNREACHABLE_CODE = YES;
				CLANG_WARN__DUPLICATE_METHOD_MATCH = YES;
				CODE_SIGN_IDENTITY = "-";
				COPY_PHASE_STRIP = NO;
				DEBUG_INFORMATION_FORMAT = dwarf;
				ENABLE_STRICT_OBJC_MSGSEND = YES;
				ENABLE_TESTABILITY = YES;
				GCC_C_LANGUAGE_STANDARD = gnu99;
				GCC_DYNAMIC_NO_PIC = NO;
				GCC_NO_COMMON_BLOCKS = YES;
				GCC_OPTIMIZATION_LEVEL = 0;
				GCC_PREPROCESSOR_DEFINITIONS = (
					"DEBUG=1",
					"$(inherited)",
				);
				GCC_WARN_64_TO_32_BIT_CONVERSION = YES;
				GCC_WARN_ABOUT_RETURN_TYPE = YES_ERROR;
				GCC_WARN_UNDECLARED_SELECTOR = YES;
				GCC_WARN_UNINITIALIZED_AUTOS = YES_AGGRESSIVE;
				GCC_WARN_UNUSED_FUNCTION = YES;
				GCC_WARN_UNUSED_VARIABLE = YES;
				MACOSX_DEPLOYMENT_TARGET = 10.11;
				MTL_ENABLE_DEBUG_INFO = YES;
				ONLY_ACTIVE_ARCH = YES;
				SDKROOT = macosx;
			};
			name = Debug;
		};
		294AD6431BF1C7D3006ECCAD /* Release */ = {
			isa = XCBuildConfiguration;
			buildSettings = {
				ALWAYS_SEARCH_USER_PATHS = NO;
				CLANG_CXX_LANGUAGE_STANDARD = "gnu++0x";
				CLANG_CXX_LIBRARY = "libc++";
				CLANG_ENABLE_MODULES = YES;
				CLANG_ENABLE_OBJC_ARC = YES;
				CLANG_WARN_BOOL_CONVERSION = YES;
				CLANG_WARN_CONSTANT_CONVERSION = YES;
				CLANG_WARN_DIRECT_OBJC_ISA_USAGE = YES_ERROR;
				CLANG_WARN_EMPTY_BODY = YES;
				CLANG_WARN_ENUM_CONVERSION = YES;
				CLANG_WARN_INT_CONVERSION = YES;
				CLANG_WARN_OBJC_ROOT_CLASS = YES_ERROR;
				CLANG_WARN_UNREACHABLE_CODE = YES;
				CLANG_WARN__DUPLICATE_METHOD_MATCH = YES;
				CODE_SIGN_IDENTITY = "-";
				COPY_PHASE_STRIP = NO;
				DEBUG_INFORMATION_FORMAT = "dwarf-with-dsym";
				ENABLE_NS_ASSERTIONS = NO;
				ENABLE_STRICT_OBJC_MSGSEND = YES;
				GCC_C_LANGUAGE_STANDARD = gnu99;
				GCC_NO_COMMON_BLOCKS = YES;
				GCC_WARN_64_TO_32_BIT_CONVERSION = YES;
				GCC_WARN_ABOUT_RETURN_TYPE = YES_ERROR;
				GCC_WARN_UNDECLARED_SELECTOR = YES;
				GCC_WARN_UNINITIALIZED_AUTOS = YES_AGGRESSIVE;
				GCC_WARN_UNUSED_FUNCTION = YES;
				GCC_WARN_UNUSED_VARIABLE = YES;
				MACOSX_DEPLOYMENT_TARGET = 10.11;
				MTL_ENABLE_DEBUG_INFO = NO;
				SDKROOT = macosx;
			};
			name = Release;
		};
		294AD6451BF1C7D3006ECCAD /* Debug */ = {
			isa = XCBuildConfiguration;
			buildSettings = {
				LIBRARY_SEARCH_PATHS = (
					"$(inherited)",
					"$(PROJECT_DIR)/LearnOpenGL",
				);
				PRODUCT_NAME = "$(TARGET_NAME)";
				USER_HEADER_SEARCH_PATHS = "$(SRCROOT)/LearnOpenGL";
			};
			name = Debug;
		};
		294AD6461BF1C7D3006ECCAD /* Release */ = {
			isa = XCBuildConfiguration;
			buildSettings = {
				LIBRARY_SEARCH_PATHS = (
					"$(inherited)",
					"$(PROJECT_DIR)/LearnOpenGL",
				);
				PRODUCT_NAME = "$(TARGET_NAME)";
				USER_HEADER_SEARCH_PATHS = "$(SRCROOT)/LearnOpenGL";
			};
			name = Release;
		};
		29CBA3B01BF30BCE0036B776 /* Debug */ = {
			isa = XCBuildConfiguration;
			buildSettings = {
				LIBRARY_SEARCH_PATHS = (
					"$(inherited)",
					"$(PROJECT_DIR)/LearnOpenGL",
				);
				PRODUCT_NAME = "$(TARGET_NAME)";
				USER_HEADER_SEARCH_PATHS = "$(SRCROOT)/LearnOpenGL";
			};
			name = Debug;
		};
		29CBA3B11BF30BCE0036B776 /* Release */ = {
			isa = XCBuildConfiguration;
			buildSettings = {
				LIBRARY_SEARCH_PATHS = (
					"$(inherited)",
					"$(PROJECT_DIR)/LearnOpenGL",
				);
				PRODUCT_NAME = "$(TARGET_NAME)";
				USER_HEADER_SEARCH_PATHS = "$(SRCROOT)/LearnOpenGL";
			};
			name = Release;
		};
/* End XCBuildConfiguration section */

/* Begin XCConfigurationList section */
		294AD6381BF1C7D3006ECCAD /* Build configuration list for PBXProject "LearnOpenGL" */ = {
			isa = XCConfigurationList;
			buildConfigurations = (
				294AD6421BF1C7D3006ECCAD /* Debug */,
				294AD6431BF1C7D3006ECCAD /* Release */,
			);
			defaultConfigurationIsVisible = 0;
			defaultConfigurationName = Release;
		};
		294AD6441BF1C7D3006ECCAD /* Build configuration list for PBXNativeTarget "HelloWindow" */ = {
			isa = XCConfigurationList;
			buildConfigurations = (
				294AD6451BF1C7D3006ECCAD /* Debug */,
				294AD6461BF1C7D3006ECCAD /* Release */,
			);
			defaultConfigurationIsVisible = 0;
			defaultConfigurationName = Release;
		};
		29CBA3AF1BF30BCE0036B776 /* Build configuration list for PBXNativeTarget "HelloTriangle" */ = {
			isa = XCConfigurationList;
			buildConfigurations = (
				29CBA3B01BF30BCE0036B776 /* Debug */,
				29CBA3B11BF30BCE0036B776 /* Release */,
			);
			defaultConfigurationIsVisible = 0;
			defaultConfigurationName = Release;
		};
/* End XCConfigurationList section */
	};
	rootObject = 294AD6351BF1C7D3006ECCAD /* Project object */;
}
